
Microsoft Visual Studio Solution File, Format Version 12.00
# Visual Studio Version 17
VisualStudioVersion = 17.1.32414.318
MinimumVisualStudioVersion = 10.0.40219.1
Project("{FAE04EC0-301F-11D3-BF4B-00C04F79EFBC}") = "ChapterFive", "ChapterFive\ChapterFive.csproj", "{EDF7547F-9E65-46BB-A498-1813A861EBF2}"
EndProject
Global
	GlobalSection(SolutionConfigurationPlatforms) = preSolution
		Debug|Any CPU = Debug|Any CPU
		Release|Any CPU = Release|Any CPU
	EndGlobalSection
	GlobalSection(ProjectConfigurationPlatforms) = postSolution
		{EDF7547F-9E65-46BB-A498-1813A861EBF2}.Debug|Any CPU.ActiveCfg = Debug|Any CPU
		{EDF7547F-9E65-46BB-A498-1813A861EBF2}.Debug|Any CPU.Build.0 = Debug|Any CPU
		{EDF7547F-9E65-46BB-A498-1813A861EBF2}.Release|Any CPU.ActiveCfg = Release|Any CPU
		{EDF7547F-9E65-46BB-A498-1813A861EBF2}.Release|Any CPU.Build.0 = Release|Any CPU
	EndGlobalSection
	GlobalSection(SolutionProperties) = preSolution
		HideSolutionNode = FALSE
	EndGlobalSection
	GlobalSection(ExtensibilityGlobals) = postSolution
		SolutionGuid = {77F5FDEA-9D42-46E8-BA24-EEEA200A332E}
	EndGlobalSection
EndGlobal
